
Microsoft Visual Studio Solution File, Format Version 12.00
# Visual Studio 15
VisualStudioVersion = 15.0.28010.2048
MinimumVisualStudioVersion = 10.0.40219.1
Project("{FAE04EC0-301F-11D3-BF4B-00C04F79EFBC}") = "TicTacToeConsole", "TicTacToeConsole\TicTacToeConsole.csproj", "{08F88FEF-D621-46A4-BB2B-8BEDA3EF3E89}"
EndProject
Global
	GlobalSection(SolutionConfigurationPlatforms) = preSolution
		Debug|Any CPU = Debug|Any CPU
		Release|Any CPU = Release|Any CPU
	EndGlobalSection
	GlobalSection(ProjectConfigurationPlatforms) = postSolution
		{08F88FEF-D621-46A4-BB2B-8BEDA3EF3E89}.Debug|Any CPU.ActiveCfg = Debug|Any CPU
		{08F88FEF-D621-46A4-BB2B-8BEDA3EF3E89}.Debug|Any CPU.Build.0 = Debug|Any CPU
		{08F88FEF-D621-46A4-BB2B-8BEDA3EF3E89}.Release|Any CPU.ActiveCfg = Release|Any CPU
		{08F88FEF-D621-46A4-BB2B-8BEDA3EF3E89}.Release|Any CPU.Build.0 = Release|Any CPU
	EndGlobalSection
	GlobalSection(SolutionProperties) = preSolution
		HideSolutionNode = FALSE
	EndGlobalSection
	GlobalSection(ExtensibilityGlobals) = postSolution
		SolutionGuid = {CA6132B5-F294-4410-87C1-7CFA85B30F71}
	EndGlobalSection
EndGlobal
